// !$*UTF8*$!
{
	archiveVersion = 1;
	classes = {
	};
	objectVersion = 50;
	objects = {

/* Begin PBXBuildFile section */
		2B9FCBCB21874FFD00DE487A /* AppDelegate.m in Sources */ = {isa = PBXBuildFile; fileRef = 2B9FCBCA21874FFD00DE487A /* AppDelegate.m */; };
		2B9FCBCE21874FFD00DE487A /* ViewController.m in Sources */ = {isa = PBXBuildFile; fileRef = 2B9FCBCD21874FFD00DE487A /* ViewController.m */; };
		2B9FCBD121874FFD00DE487A /* Main.storyboard in Resources */ = {isa = PBXBuildFile; fileRef = 2B9FCBCF21874FFD00DE487A /* Main.storyboard */; };
		2B9FCBD321874FFE00DE487A /* Assets.xcassets in Resources */ = {isa = PBXBuildFile; fileRef = 2B9FCBD221874FFE00DE487A /* Assets.xcassets */; };
		2B9FCBD621874FFE00DE487A /* LaunchScreen.storyboard in Resources */ = {isa = PBXBuildFile; fileRef = 2B9FCBD421874FFE00DE487A /* LaunchScreen.storyboard */; };
		2B9FCBD921874FFE00DE487A /* main.m in Sources */ = {isa = PBXBuildFile; fileRef = 2B9FCBD821874FFE00DE487A /* main.m */; };
		2B9FCBE321874FFE00DE487A /* TJNetWorkClientTests.m in Sources */ = {isa = PBXBuildFile; fileRef = 2B9FCBE221874FFE00DE487A /* TJNetWorkClientTests.m */; };
		2B9FCBEE21874FFE00DE487A /* TJNetWorkClientUITests.m in Sources */ = {isa = PBXBuildFile; fileRef = 2B9FCBED21874FFE00DE487A /* TJNetWorkClientUITests.m */; };
		2B9FCBFF2187500D00DE487A /* TJNetWorkClient.m in Sources */ = {isa = PBXBuildFile; fileRef = 2B9FCBFB2187500D00DE487A /* TJNetWorkClient.m */; };
		2B9FCC002187500D00DE487A /* TJNetWorkClient+Cache.m in Sources */ = {isa = PBXBuildFile; fileRef = 2B9FCBFC2187500D00DE487A /* TJNetWorkClient+Cache.m */; };
		F787C842AD4BB54BDE496B6E /* Pods_TJNetWorkClient.framework in Frameworks */ = {isa = PBXBuildFile; fileRef = BF8A778C3E9BF0F2AD7376F7 /* Pods_TJNetWorkClient.framework */; };
/* End PBXBuildFile section */

/* Begin PBXContainerItemProxy section */
		2B9FCBDF21874FFE00DE487A /* PBXContainerItemProxy */ = {
			isa = PBXContainerItemProxy;
			containerPortal = 2B9FCBBE21874FFD00DE487A /* Project object */;
			proxyType = 1;
			remoteGlobalIDString = 2B9FCBC521874FFD00DE487A;
			remoteInfo = TJNetWorkClient;
		};
		2B9FCBEA21874FFE00DE487A /* PBXContainerItemProxy */ = {
			isa = PBXContainerItemProxy;
			containerPortal = 2B9FCBBE21874FFD00DE487A /* Project object */;
			proxyType = 1;
			remoteGlobalIDString = 2B9FCBC521874FFD00DE487A;
			remoteInfo = TJNetWorkClient;
		};
/* End PBXContainerItemProxy section */

/* Begin PBXFileReference section */
		2B9FCBC621874FFD00DE487A /* TJNetWorkClient.app */ = {isa = PBXFileReference; explicitFileType = wrapper.application; includeInIndex = 0; path = TJNetWorkClient.app; sourceTree = BUILT_PRODUCTS_DIR; };
		2B9FCBC921874FFD00DE487A /* AppDelegate.h */ = {isa = PBXFileReference; lastKnownFileType = sourcecode.c.h; path = AppDelegate.h; sourceTree = "<group>"; };
		2B9FCBCA21874FFD00DE487A /* AppDelegate.m */ = {isa = PBXFileReference; lastKnownFileType = sourcecode.c.objc; path = AppDelegate.m; sourceTree = "<group>"; };
		2B9FCBCC21874FFD00DE487A /* ViewController.h */ = {isa = PBXFileReference; lastKnownFileType = sourcecode.c.h; path = ViewController.h; sourceTree = "<group>"; };
		2B9FCBCD21874FFD00DE487A /* ViewController.m */ = {isa = PBXFileReference; lastKnownFileType = sourcecode.c.objc; path = ViewController.m; sourceTree = "<group>"; };
		2B9FCBD021874FFD00DE487A /* Base */ = {isa = PBXFileReference; lastKnownFileType = file.storyboard; name = Base; path = Base.lproj/Main.storyboard; sourceTree = "<group>"; };
		2B9FCBD221874FFE00DE487A /* Assets.xcassets */ = {isa = PBXFileReference; lastKnownFileType = folder.assetcatalog; path = Assets.xcassets; sourceTree = "<group>"; };
		2B9FCBD521874FFE00DE487A /* Base */ = {isa = PBXFileReference; lastKnownFileType = file.storyboard; name = Base; path = Base.lproj/LaunchScreen.storyboard; sourceTree = "<group>"; };
		2B9FCBD721874FFE00DE487A /* Info.plist */ = {isa = PBXFileReference; lastKnownFileType = text.plist.xml; path = Info.plist; sourceTree = "<group>"; };
		2B9FCBD821874FFE00DE487A /* main.m */ = {isa = PBXFileReference; lastKnownFileType = sourcecode.c.objc; path = main.m; sourceTree = "<group>"; };
		2B9FCBDE21874FFE00DE487A /* TJNetWorkClientTests.xctest */ = {isa = PBXFileReference; explicitFileType = wrapper.cfbundle; includeInIndex = 0; path = TJNetWorkClientTests.xctest; sourceTree = BUILT_PRODUCTS_DIR; };
		2B9FCBE221874FFE00DE487A /* TJNetWorkClientTests.m */ = {isa = PBXFileReference; lastKnownFileType = sourcecode.c.objc; path = TJNetWorkClientTests.m; sourceTree = "<group>"; };
		2B9FCBE421874FFE00DE487A /* Info.plist */ = {isa = PBXFileReference; lastKnownFileType = text.plist.xml; path = Info.plist; sourceTree = "<group>"; };
		2B9FCBE921874FFE00DE487A /* TJNetWorkClientUITests.xctest */ = {isa = PBXFileReference; explicitFileType = wrapper.cfbundle; includeInIndex = 0; path = TJNetWorkClientUITests.xctest; sourceTree = BUILT_PRODUCTS_DIR; };
		2B9FCBED21874FFE00DE487A /* TJNetWorkClientUITests.m */ = {isa = PBXFileReference; lastKnownFileType = sourcecode.c.objc; path = TJNetWorkClientUITests.m; sourceTree = "<group>"; };
		2B9FCBEF21874FFE00DE487A /* Info.plist */ = {isa = PBXFileReference; lastKnownFileType = text.plist.xml; path = Info.plist; sourceTree = "<group>"; };
		2B9FCBFB2187500D00DE487A /* TJNetWorkClient.m */ = {isa = PBXFileReference; fileEncoding = 4; lastKnownFileType = sourcecode.c.objc; path = TJNetWorkClient.m; sourceTree = "<group>"; };
		2B9FCBFC2187500D00DE487A /* TJNetWorkClient+Cache.m */ = {isa = PBXFileReference; fileEncoding = 4; lastKnownFileType = sourcecode.c.objc; path = "TJNetWorkClient+Cache.m"; sourceTree = "<group>"; };
		2B9FCBFD2187500D00DE487A /* TJNetWorkClient+Cache.h */ = {isa = PBXFileReference; fileEncoding = 4; lastKnownFileType = sourcecode.c.h; path = "TJNetWorkClient+Cache.h"; sourceTree = "<group>"; };
		2B9FCBFE2187500D00DE487A /* TJNetWorkClient.h */ = {isa = PBXFileReference; fileEncoding = 4; lastKnownFileType = sourcecode.c.h; path = TJNetWorkClient.h; sourceTree = "<group>"; };
		3797A8435C8D0369B3AB4046 /* Pods_TJNetWorkClientTests.framework */ = {isa = PBXFileReference; explicitFileType = wrapper.framework; includeInIndex = 0; path = Pods_TJNetWorkClientTests.framework; sourceTree = BUILT_PRODUCTS_DIR; };
		49F08B5E8B86038B4043D904 /* Pods-TJNetWorkClient.release.xcconfig */ = {isa = PBXFileReference; includeInIndex = 1; lastKnownFileType = text.xcconfig; name = "Pods-TJNetWorkClient.release.xcconfig"; path = "Target Support Files/Pods-TJNetWorkClient/Pods-TJNetWorkClient.release.xcconfig"; sourceTree = "<group>"; };
		8696986605922833E8CBD7BE /* Pods-TJNetWorkClient.debug.xcconfig */ = {isa = PBXFileReference; includeInIndex = 1; lastKnownFileType = text.xcconfig; name = "Pods-TJNetWorkClient.debug.xcconfig"; path = "Target Support Files/Pods-TJNetWorkClient/Pods-TJNetWorkClient.debug.xcconfig"; sourceTree = "<group>"; };
		BF8A778C3E9BF0F2AD7376F7 /* Pods_TJNetWorkClient.framework */ = {isa = PBXFileReference; explicitFileType = wrapper.framework; includeInIndex = 0; path = Pods_TJNetWorkClient.framework; sourceTree = BUILT_PRODUCTS_DIR; };
/* End PBXFileReference section */

/* Begin PBXFrameworksBuildPhase section */
		2B9FCBC321874FFD00DE487A /* Frameworks */ = {
			isa = PBXFrameworksBuildPhase;
			buildActionMask = 2147483647;
			files = (
				F787C842AD4BB54BDE496B6E /* Pods_TJNetWorkClient.framework in Frameworks */,
			);
			runOnlyForDeploymentPostprocessing = 0;
		};
		2B9FCBDB21874FFE00DE487A /* Frameworks */ = {
			isa = PBXFrameworksBuildPhase;
			buildActionMask = 2147483647;
			files = (
			);
			runOnlyForDeploymentPostprocessing = 0;
		};
		2B9FCBE621874FFE00DE487A /* Frameworks */ = {
			isa = PBXFrameworksBuildPhase;
			buildActionMask = 2147483647;
			files = (
			);
			runOnlyForDeploymentPostprocessing = 0;
		};
/* End PBXFrameworksBuildPhase section */

/* Begin PBXGroup section */
		2B9CD55021886E5B00090140 /* TJNetWorkClient */ = {
			isa = PBXGroup;
			children = (
				2B9FCBFE2187500D00DE487A /* TJNetWorkClient.h */,
				2B9FCBFB2187500D00DE487A /* TJNetWorkClient.m */,
				2B9FCBFD2187500D00DE487A /* TJNetWorkClient+Cache.h */,
				2B9FCBFC2187500D00DE487A /* TJNetWorkClient+Cache.m */,
			);
			path = TJNetWorkClient;
			sourceTree = "<group>";
		};
		2B9FCBBD21874FFD00DE487A = {
			isa = PBXGroup;
			children = (
				2B9FCBC821874FFD00DE487A /* TJNetWorkClient */,
				2B9FCBE121874FFE00DE487A /* TJNetWorkClientTests */,
				2B9FCBEC21874FFE00DE487A /* TJNetWorkClientUITests */,
				2B9FCBC721874FFD00DE487A /* Products */,
				3F4E05C46B0E81AEE1D91C81 /* Pods */,
				49F910C9B18268386769A70A /* Frameworks */,
			);
			sourceTree = "<group>";
		};
		2B9FCBC721874FFD00DE487A /* Products */ = {
			isa = PBXGroup;
			children = (
				2B9FCBC621874FFD00DE487A /* TJNetWorkClient.app */,
				2B9FCBDE21874FFE00DE487A /* TJNetWorkClientTests.xctest */,
				2B9FCBE921874FFE00DE487A /* TJNetWorkClientUITests.xctest */,
			);
			name = Products;
			sourceTree = "<group>";
		};
		2B9FCBC821874FFD00DE487A /* TJNetWorkClient */ = {
			isa = PBXGroup;
			children = (
				2B9CD55021886E5B00090140 /* TJNetWorkClient */,
				2B9FCBC921874FFD00DE487A /* AppDelegate.h */,
				2B9FCBCA21874FFD00DE487A /* AppDelegate.m */,
				2B9FCBCC21874FFD00DE487A /* ViewController.h */,
				2B9FCBCD21874FFD00DE487A /* ViewController.m */,
				2B9FCBCF21874FFD00DE487A /* Main.storyboard */,
				2B9FCBD221874FFE00DE487A /* Assets.xcassets */,
				2B9FCBD421874FFE00DE487A /* LaunchScreen.storyboard */,
				2B9FCBD721874FFE00DE487A /* Info.plist */,
				2B9FCBD821874FFE00DE487A /* main.m */,
			);
			path = TJNetWorkClient;
			sourceTree = "<group>";
		};
		2B9FCBE121874FFE00DE487A /* TJNetWorkClientTests */ = {
			isa = PBXGroup;
			children = (
				2B9FCBE221874FFE00DE487A /* TJNetWorkClientTests.m */,
				2B9FCBE421874FFE00DE487A /* Info.plist */,
			);
			path = TJNetWorkClientTests;
			sourceTree = "<group>";
		};
		2B9FCBEC21874FFE00DE487A /* TJNetWorkClientUITests */ = {
			isa = PBXGroup;
			children = (
				2B9FCBED21874FFE00DE487A /* TJNetWorkClientUITests.m */,
				2B9FCBEF21874FFE00DE487A /* Info.plist */,
			);
			path = TJNetWorkClientUITests;
			sourceTree = "<group>";
		};
		3F4E05C46B0E81AEE1D91C81 /* Pods */ = {
			isa = PBXGroup;
			children = (
				8696986605922833E8CBD7BE /* Pods-TJNetWorkClient.debug.xcconfig */,
				49F08B5E8B86038B4043D904 /* Pods-TJNetWorkClient.release.xcconfig */,
			);
			path = Pods;
			sourceTree = "<group>";
		};
		49F910C9B18268386769A70A /* Frameworks */ = {
			isa = PBXGroup;
			children = (
				BF8A778C3E9BF0F2AD7376F7 /* Pods_TJNetWorkClient.framework */,
				3797A8435C8D0369B3AB4046 /* Pods_TJNetWorkClientTests.framework */,
			);
			name = Frameworks;
			sourceTree = "<group>";
		};
/* End PBXGroup section */

/* Begin PBXNativeTarget section */
		2B9FCBC521874FFD00DE487A /* TJNetWorkClient */ = {
			isa = PBXNativeTarget;
			buildConfigurationList = 2B9FCBF221874FFE00DE487A /* Build configuration list for PBXNativeTarget "TJNetWorkClient" */;
			buildPhases = (
				8C83DC0D09A51DC2DF0C1F1E /* [CP] Check Pods Manifest.lock */,
				2B9FCBC221874FFD00DE487A /* Sources */,
				2B9FCBC321874FFD00DE487A /* Frameworks */,
				2B9FCBC421874FFD00DE487A /* Resources */,
				E5D97CE6B91FBAF153856F21 /* [CP] Embed Pods Frameworks */,
			);
			buildRules = (
			);
			dependencies = (
			);
			name = TJNetWorkClient;
			productName = TJNetWorkClient;
			productReference = 2B9FCBC621874FFD00DE487A /* TJNetWorkClient.app */;
			productType = "com.apple.product-type.application";
		};
		2B9FCBDD21874FFE00DE487A /* TJNetWorkClientTests */ = {
			isa = PBXNativeTarget;
			buildConfigurationList = 2B9FCBF521874FFE00DE487A /* Build configuration list for PBXNativeTarget "TJNetWorkClientTests" */;
			buildPhases = (
				2B9FCBDA21874FFE00DE487A /* Sources */,
				2B9FCBDB21874FFE00DE487A /* Frameworks */,
				2B9FCBDC21874FFE00DE487A /* Resources */,
			);
			buildRules = (
			);
			dependencies = (
				2B9FCBE021874FFE00DE487A /* PBXTargetDependency */,
			);
			name = TJNetWorkClientTests;
			productName = TJNetWorkClientTests;
			productReference = 2B9FCBDE21874FFE00DE487A /* TJNetWorkClientTests.xctest */;
			productType = "com.apple.product-type.bundle.unit-test";
		};
		2B9FCBE821874FFE00DE487A /* TJNetWorkClientUITests */ = {
			isa = PBXNativeTarget;
			buildConfigurationList = 2B9FCBF821874FFE00DE487A /* Build configuration list for PBXNativeTarget "TJNetWorkClientUITests" */;
			buildPhases = (
				2B9FCBE521874FFE00DE487A /* Sources */,
				2B9FCBE621874FFE00DE487A /* Frameworks */,
				2B9FCBE721874FFE00DE487A /* Resources */,
			);
			buildRules = (
			);
			dependencies = (
				2B9FCBEB21874FFE00DE487A /* PBXTargetDependency */,
			);
			name = TJNetWorkClientUITests;
			productName = TJNetWorkClientUITests;
			productReference = 2B9FCBE921874FFE00DE487A /* TJNetWorkClientUITests.xctest */;
			productType = "com.apple.product-type.bundle.ui-testing";
		};
/* End PBXNativeTarget section */

/* Begin PBXProject section */
		2B9FCBBE21874FFD00DE487A /* Project object */ = {
			isa = PBXProject;
			attributes = {
				LastUpgradeCheck = 1000;
				ORGANIZATIONNAME = tao;
				TargetAttributes = {
					2B9FCBC521874FFD00DE487A = {
						CreatedOnToolsVersion = 10.0;
					};
					2B9FCBDD21874FFE00DE487A = {
						CreatedOnToolsVersion = 10.0;
						TestTargetID = 2B9FCBC521874FFD00DE487A;
					};
					2B9FCBE821874FFE00DE487A = {
						CreatedOnToolsVersion = 10.0;
						TestTargetID = 2B9FCBC521874FFD00DE487A;
					};
				};
			};
			buildConfigurationList = 2B9FCBC121874FFD00DE487A /* Build configuration list for PBXProject "TJNetWorkClient" */;
			compatibilityVersion = "Xcode 9.3";
			developmentRegion = en;
			hasScannedForEncodings = 0;
			knownRegions = (
				en,
				Base,
			);
			mainGroup = 2B9FCBBD21874FFD00DE487A;
			productRefGroup = 2B9FCBC721874FFD00DE487A /* Products */;
			projectDirPath = "";
			projectRoot = "";
			targets = (
				2B9FCBC521874FFD00DE487A /* TJNetWorkClient */,
				2B9FCBDD21874FFE00DE487A /* TJNetWorkClientTests */,
				2B9FCBE821874FFE00DE487A /* TJNetWorkClientUITests */,
			);
		};
/* End PBXProject section */

/* Begin PBXResourcesBuildPhase section */
		2B9FCBC421874FFD00DE487A /* Resources */ = {
			isa = PBXResourcesBuildPhase;
			buildActionMask = 2147483647;
			files = (
				2B9FCBD621874FFE00DE487A /* LaunchScreen.storyboard in Resources */,
				2B9FCBD321874FFE00DE487A /* Assets.xcassets in Resources */,
				2B9FCBD121874FFD00DE487A /* Main.storyboard in Resources */,
			);
			runOnlyForDeploymentPostprocessing = 0;
		};
		2B9FCBDC21874FFE00DE487A /* Resources */ = {
			isa = PBXResourcesBuildPhase;
			buildActionMask = 2147483647;
			files = (
			);
			runOnlyForDeploymentPostprocessing = 0;
		};
		2B9FCBE721874FFE00DE487A /* Resources */ = {
			isa = PBXResourcesBuildPhase;
			buildActionMask = 2147483647;
			files = (
			);
			runOnlyForDeploymentPostprocessing = 0;
		};
/* End PBXResourcesBuildPhase section */

/* Begin PBXShellScriptBuildPhase section */
		8C83DC0D09A51DC2DF0C1F1E /* [CP] Check Pods Manifest.lock */ = {
			isa = PBXShellScriptBuildPhase;
			buildActionMask = 2147483647;
			files = (
			);
			inputFileListPaths = (
			);
			inputPaths = (
				"${PODS_PODFILE_DIR_PATH}/Podfile.lock",
				"${PODS_ROOT}/Manifest.lock",
			);
			name = "[CP] Check Pods Manifest.lock";
			outputFileListPaths = (
			);
			outputPaths = (
				"$(DERIVED_FILE_DIR)/Pods-TJNetWorkClient-checkManifestLockResult.txt",
			);
			runOnlyForDeploymentPostprocessing = 0;
			shellPath = /bin/sh;
			shellScript = "diff \"${PODS_PODFILE_DIR_PATH}/Podfile.lock\" \"${PODS_ROOT}/Manifest.lock\" > /dev/null\nif [ $? != 0 ] ; then\n    # print error to STDERR\n    echo \"error: The sandbox is not in sync with the Podfile.lock. Run 'pod install' or update your CocoaPods installation.\" >&2\n    exit 1\nfi\n# This output is used by Xcode 'outputs' to avoid re-running this script phase.\necho \"SUCCESS\" > \"${SCRIPT_OUTPUT_FILE_0}\"\n";
			showEnvVarsInLog = 0;
		};
		E5D97CE6B91FBAF153856F21 /* [CP] Embed Pods Frameworks */ = {
			isa = PBXShellScriptBuildPhase;
			buildActionMask = 2147483647;
			files = (
			);
			inputFileListPaths = (
			);
			inputPaths = (
				"${PODS_ROOT}/Target Support Files/Pods-TJNetWorkClient/Pods-TJNetWorkClient-frameworks.sh",
				"${BUILT_PRODUCTS_DIR}/AFNetworking/AFNetworking.framework",
			);
			name = "[CP] Embed Pods Frameworks";
			outputFileListPaths = (
			);
			outputPaths = (
				"${TARGET_BUILD_DIR}/${FRAMEWORKS_FOLDER_PATH}/AFNetworking.framework",
			);
			runOnlyForDeploymentPostprocessing = 0;
			shellPath = /bin/sh;
			shellScript = "\"${PODS_ROOT}/Target Support Files/Pods-TJNetWorkClient/Pods-TJNetWorkClient-frameworks.sh\"\n";
			showEnvVarsInLog = 0;
		};
/* End PBXShellScriptBuildPhase section */

/* Begin PBXSourcesBuildPhase section */
		2B9FCBC221874FFD00DE487A /* Sources */ = {
			isa = PBXSourcesBuildPhase;
			buildActionMask = 2147483647;
			files = (
				2B9FCBCE21874FFD00DE487A /* ViewController.m in Sources */,
				2B9FCBD921874FFE00DE487A /* main.m in Sources */,
				2B9FCBCB21874FFD00DE487A /* AppDelegate.m in Sources */,
				2B9FCC002187500D00DE487A /* TJNetWorkClient+Cache.m in Sources */,
				2B9FCBFF2187500D00DE487A /* TJNetWorkClient.m in Sources */,
			);
			runOnlyForDeploymentPostprocessing = 0;
		};
		2B9FCBDA21874FFE00DE487A /* Sources */ = {
			isa = PBXSourcesBuildPhase;
			buildActionMask = 2147483647;
			files = (
				2B9FCBE321874FFE00DE487A /* TJNetWorkClientTests.m in Sources */,
			);
			runOnlyForDeploymentPostprocessing = 0;
		};
		2B9FCBE521874FFE00DE487A /* Sources */ = {
			isa = PBXSourcesBuildPhase;
			buildActionMask = 2147483647;
			files = (
				2B9FCBEE21874FFE00DE487A /* TJNetWorkClientUITests.m in Sources */,
			);
			runOnlyForDeploymentPostprocessing = 0;
		};
/* End PBXSourcesBuildPhase section */

/* Begin PBXTargetDependency section */
		2B9FCBE021874FFE00DE487A /* PBXTargetDependency */ = {
			isa = PBXTargetDependency;
			target = 2B9FCBC521874FFD00DE487A /* TJNetWorkClient */;
			targetProxy = 2B9FCBDF21874FFE00DE487A /* PBXContainerItemProxy */;
		};
		2B9FCBEB21874FFE00DE487A /* PBXTargetDependency */ = {
			isa = PBXTargetDependency;
			target = 2B9FCBC521874FFD00DE487A /* TJNetWorkClient */;
			targetProxy = 2B9FCBEA21874FFE00DE487A /* PBXContainerItemProxy */;
		};
/* End PBXTargetDependency section */

/* Begin PBXVariantGroup section */
		2B9FCBCF21874FFD00DE487A /* Main.storyboard */ = {
			isa = PBXVariantGroup;
			children = (
				2B9FCBD021874FFD00DE487A /* Base */,
			);
			name = Main.storyboard;
			sourceTree = "<group>";
		};
		2B9FCBD421874FFE00DE487A /* LaunchScreen.storyboard */ = {
			isa = PBXVariantGroup;
			children = (
				2B9FCBD521874FFE00DE487A /* Base */,
			);
			name = LaunchScreen.storyboard;
			sourceTree = "<group>";
		};
/* End PBXVariantGroup section */

/* Begin XCBuildConfiguration section */
		2B9FCBF021874FFE00DE487A /* Debug */ = {
			isa = XCBuildConfiguration;
			buildSettings = {
				ALWAYS_SEARCH_USER_PATHS = NO;
				CLANG_ANALYZER_NONNULL = YES;
				CLANG_ANALYZER_NUMBER_OBJECT_CONVERSION = YES_AGGRESSIVE;
				CLANG_CXX_LANGUAGE_STANDARD = "gnu++14";
				CLANG_CXX_LIBRARY = "libc++";
				CLANG_ENABLE_MODULES = YES;
				CLANG_ENABLE_OBJC_ARC = YES;
				CLANG_ENABLE_OBJC_WEAK = YES;
				CLANG_WARN_BLOCK_CAPTURE_AUTORELEASING = YES;
				CLANG_WARN_BOOL_CONVERSION = YES;
				CLANG_WARN_COMMA = YES;
				CLANG_WARN_CONSTANT_CONVERSION = YES;
				CLANG_WARN_DEPRECATED_OBJC_IMPLEMENTATIONS = YES;
				CLANG_WARN_DIRECT_OBJC_ISA_USAGE = YES_ERROR;
				CLANG_WARN_DOCUMENTATION_COMMENTS = YES;
				CLANG_WARN_EMPTY_BODY = YES;
				CLANG_WARN_ENUM_CONVERSION = YES;
				CLANG_WARN_INFINITE_RECURSION = YES;
				CLANG_WARN_INT_CONVERSION = YES;
				CLANG_WARN_NON_LITERAL_NULL_CONVERSION = YES;
				CLANG_WARN_OBJC_IMPLICIT_RETAIN_SELF = YES;
				CLANG_WARN_OBJC_LITERAL_CONVERSION = YES;
				CLANG_WARN_OBJC_ROOT_CLASS = YES_ERROR;
				CLANG_WARN_RANGE_LOOP_ANALYSIS = YES;
				CLANG_WARN_STRICT_PROTOTYPES = YES;
				CLANG_WARN_SUSPICIOUS_MOVE = YES;
				CLANG_WARN_UNGUARDED_AVAILABILITY = YES_AGGRESSIVE;
				CLANG_WARN_UNREACHABLE_CODE = YES;
				CLANG_WARN__DUPLICATE_METHOD_MATCH = YES;
				CODE_SIGN_IDENTITY = "iPhone Developer";
				COPY_PHASE_STRIP = NO;
				DEBUG_INFORMATION_FORMAT = dwarf;
				ENABLE_STRICT_OBJC_MSGSEND = YES;
				ENABLE_TESTABILITY = YES;
				GCC_C_LANGUAGE_STANDARD = gnu11;
				GCC_DYNAMIC_NO_PIC = NO;
				GCC_NO_COMMON_BLOCKS = YES;
				GCC_OPTIMIZATION_LEVEL = 0;
				GCC_PREPROCESSOR_DEFINITIONS = (
					"DEBUG=1",
					"$(inherited)",
				);
				GCC_WARN_64_TO_32_BIT_CONVERSION = YES;
				GCC_WARN_ABOUT_RETURN_TYPE = YES_ERROR;
				GCC_WARN_UNDECLARED_SELECTOR = YES;
				GCC_WARN_UNINITIALIZED_AUTOS = YES_AGGRESSIVE;
				GCC_WARN_UNUSED_FUNCTION = YES;
				GCC_WARN_UNUSED_VARIABLE = YES;
				IPHONEOS_DEPLOYMENT_TARGET = 12.0;
				MTL_ENABLE_DEBUG_INFO = INCLUDE_SOURCE;
				MTL_FAST_MATH = YES;
				ONLY_ACTIVE_ARCH = YES;
				SDKROOT = iphoneos;
			};
			name = Debug;
		};
		2B9FCBF121874FFE00DE487A /* Release */ = {
			isa = XCBuildConfiguration;
			buildSettings = {
				ALWAYS_SEARCH_USER_PATHS = NO;
				CLANG_ANALYZER_NONNULL = YES;
				CLANG_ANALYZER_NUMBER_OBJECT_CONVERSION = YES_AGGRESSIVE;
				CLANG_CXX_LANGUAGE_STANDARD = "gnu++14";
				CLANG_CXX_LIBRARY = "libc++";
				CLANG_ENABLE_MODULES = YES;
				CLANG_ENABLE_OBJC_ARC = YES;
				CLANG_ENABLE_OBJC_WEAK = YES;
				CLANG_WARN_BLOCK_CAPTURE_AUTORELEASING = YES;
				CLANG_WARN_BOOL_CONVERSION = YES;
				CLANG_WARN_COMMA = YES;
				CLANG_WARN_CONSTANT_CONVERSION = YES;
				CLANG_WARN_DEPRECATED_OBJC_IMPLEMENTATIONS = YES;
				CLANG_WARN_DIRECT_OBJC_ISA_USAGE = YES_ERROR;
				CLANG_WARN_DOCUMENTATION_COMMENTS = YES;
				CLANG_WARN_EMPTY_BODY = YES;
				CLANG_WARN_ENUM_CONVERSION = YES;
				CLANG_WARN_INFINITE_RECURSION = YES;
				CLANG_WARN_INT_CONVERSION = YES;
				CLANG_WARN_NON_LITERAL_NULL_CONVERSION = YES;
				CLANG_WARN_OBJC_IMPLICIT_RETAIN_SELF = YES;
				CLANG_WARN_OBJC_LITERAL_CONVERSION = YES;
				CLANG_WARN_OBJC_ROOT_CLASS = YES_ERROR;
				CLANG_WARN_RANGE_LOOP_ANALYSIS = YES;
				CLANG_WARN_STRICT_PROTOTYPES = YES;
				CLANG_WARN_SUSPICIOUS_MOVE = YES;
				CLANG_WARN_UNGUARDED_AVAILABILITY = YES_AGGRESSIVE;
				CLANG_WARN_UNREACHABLE_CODE = YES;
				CLANG_WARN__DUPLICATE_METHOD_MATCH = YES;
				CODE_SIGN_IDENTITY = "iPhone Developer";
				COPY_PHASE_STRIP = NO;
				DEBUG_INFORMATION_FORMAT = "dwarf-with-dsym";
				ENABLE_NS_ASSERTIONS = NO;
				ENABLE_STRICT_OBJC_MSGSEND = YES;
				GCC_C_LANGUAGE_STANDARD = gnu11;
				GCC_NO_COMMON_BLOCKS = YES;
				GCC_WARN_64_TO_32_BIT_CONVERSION = YES;
				GCC_WARN_ABOUT_RETURN_TYPE = YES_ERROR;
				GCC_WARN_UNDECLARED_SELECTOR = YES;
				GCC_WARN_UNINITIALIZED_AUTOS = YES_AGGRESSIVE;
				GCC_WARN_UNUSED_FUNCTION = YES;
				GCC_WARN_UNUSED_VARIABLE = YES;
				IPHONEOS_DEPLOYMENT_TARGET = 12.0;
				MTL_ENABLE_DEBUG_INFO = NO;
				MTL_FAST_MATH = YES;
				SDKROOT = iphoneos;
				VALIDATE_PRODUCT = YES;
			};
			name = Release;
		};
		2B9FCBF321874FFE00DE487A /* Debug */ = {
			isa = XCBuildConfiguration;
			baseConfigurationReference = 8696986605922833E8CBD7BE /* Pods-TJNetWorkClient.debug.xcconfig */;
			buildSettings = {
				ASSETCATALOG_COMPILER_APPICON_NAME = AppIcon;
				CODE_SIGN_STYLE = Automatic;
				DEVELOPMENT_TEAM = DQK8L5T84R;
				INFOPLIST_FILE = TJNetWorkClient/Info.plist;
				IPHONEOS_DEPLOYMENT_TARGET = 9.0;
				LD_RUNPATH_SEARCH_PATHS = (
					"$(inherited)",
					"@executable_path/Frameworks",
				);
				PRODUCT_BUNDLE_IDENTIFIER = com.tjzl.test;
				PRODUCT_NAME = "$(TARGET_NAME)";
				TARGETED_DEVICE_FAMILY = "1,2";
			};
			name = Debug;
		};
		2B9FCBF421874FFE00DE487A /* Release */ = {
			isa = XCBuildConfiguration;
			baseConfigurationReference = 49F08B5E8B86038B4043D904 /* Pods-TJNetWorkClient.release.xcconfig */;
			buildSettings = {
				ASSETCATALOG_COMPILER_APPICON_NAME = AppIcon;
				CODE_SIGN_STYLE = Automatic;
				DEVELOPMENT_TEAM = DQK8L5T84R;
				INFOPLIST_FILE = TJNetWorkClient/Info.plist;
				IPHONEOS_DEPLOYMENT_TARGET = 9.0;
				LD_RUNPATH_SEARCH_PATHS = (
					"$(inherited)",
					"@executable_path/Frameworks",
				);
				PRODUCT_BUNDLE_IDENTIFIER = com.tjzl.test;
				PRODUCT_NAME = "$(TARGET_NAME)";
				TARGETED_DEVICE_FAMILY = "1,2";
			};
			name = Release;
		};
		2B9FCBF621874FFE00DE487A /* Debug */ = {
			isa = XCBuildConfiguration;
			buildSettings = {
				BUNDLE_LOADER = "$(TEST_HOST)";
				CODE_SIGN_STYLE = Automatic;
				DEVELOPMENT_TEAM = DQK8L5T84R;
				HEADER_SEARCH_PATHS = "${SRCROOT}/**";
				INFOPLIST_FILE = TJNetWorkClientTests/Info.plist;
				LD_RUNPATH_SEARCH_PATHS = (
					"$(inherited)",
					"@executable_path/Frameworks",
					"@loader_path/Frameworks",
				);
				PRODUCT_BUNDLE_IDENTIFIER = com.tjzl.TJNetWorkClientTests;
				PRODUCT_NAME = "$(TARGET_NAME)";
				TARGETED_DEVICE_FAMILY = "1,2";
				TEST_HOST = "$(BUILT_PRODUCTS_DIR)/TJNetWorkClient.app/TJNetWorkClient";
			};
			name = Debug;
		};
		2B9FCBF721874FFE00DE487A /* Release */ = {
			isa = XCBuildConfiguration;
			buildSettings = {
				BUNDLE_LOADER = "$(TEST_HOST)";
				CODE_SIGN_STYLE = Automatic;
				DEVELOPMENT_TEAM = DQK8L5T84R;
				HEADER_SEARCH_PATHS = "${SRCROOT}/**";
				INFOPLIST_FILE = TJNetWorkClientTests/Info.plist;
				LD_RUNPATH_SEARCH_PATHS = (
					"$(inherited)",
					"@executable_path/Frameworks",
					"@loader_path/Frameworks",
				);
				PRODUCT_BUNDLE_IDENTIFIER = com.tjzl.TJNetWorkClientTests;
				PRODUCT_NAME = "$(TARGET_NAME)";
				TARGETED_DEVICE_FAMILY = "1,2";
				TEST_HOST = "$(BUILT_PRODUCTS_DIR)/TJNetWorkClient.app/TJNetWorkClient";
			};
			name = Release;
		};
		2B9FCBF921874FFE00DE487A /* Debug */ = {
			isa = XCBuildConfiguration;
			buildSettings = {
				CODE_SIGN_STYLE = Automatic;
				DEVELOPMENT_TEAM = DQK8L5T84R;
				INFOPLIST_FILE = TJNetWorkClientUITests/Info.plist;
				LD_RUNPATH_SEARCH_PATHS = (
					"$(inherited)",
					"@executable_path/Frameworks",
					"@loader_path/Frameworks",
				);
				PRODUCT_BUNDLE_IDENTIFIER = com.tjzl.TJNetWorkClientUITests;
				PRODUCT_NAME = "$(TARGET_NAME)";
				TARGETED_DEVICE_FAMILY = "1,2";
				TEST_TARGET_NAME = TJNetWorkClient;
			};
			name = Debug;
		};
		2B9FCBFA21874FFE00DE487A /* Release */ = {
			isa = XCBuildConfiguration;
			buildSettings = {
				CODE_SIGN_STYLE = Automatic;
				DEVELOPMENT_TEAM = DQK8L5T84R;
				INFOPLIST_FILE = TJNetWorkClientUITests/Info.plist;
				LD_RUNPATH_SEARCH_PATHS = (
					"$(inherited)",
					"@executable_path/Frameworks",
					"@loader_path/Frameworks",
				);
				PRODUCT_BUNDLE_IDENTIFIER = com.tjzl.TJNetWorkClientUITests;
				PRODUCT_NAME = "$(TARGET_NAME)";
				TARGETED_DEVICE_FAMILY = "1,2";
				TEST_TARGET_NAME = TJNetWorkClient;
			};
			name = Release;
		};
/* End XCBuildConfiguration section */

/* Begin XCConfigurationList section */
		2B9FCBC121874FFD00DE487A /* Build configuration list for PBXProject "TJNetWorkClient" */ = {
			isa = XCConfigurationList;
			buildConfigurations = (
				2B9FCBF021874FFE00DE487A /* Debug */,
				2B9FCBF121874FFE00DE487A /* Release */,
			);
			defaultConfigurationIsVisible = 0;
			defaultConfigurationName = Release;
		};
		2B9FCBF221874FFE00DE487A /* Build configuration list for PBXNativeTarget "TJNetWorkClient" */ = {
			isa = XCConfigurationList;
			buildConfigurations = (
				2B9FCBF321874FFE00DE487A /* Debug */,
				2B9FCBF421874FFE00DE487A /* Release */,
			);
			defaultConfigurationIsVisible = 0;
			defaultConfigurationName = Release;
		};
		2B9FCBF521874FFE00DE487A /* Build configuration list for PBXNativeTarget "TJNetWorkClientTests" */ = {
			isa = XCConfigurationList;
			buildConfigurations = (
				2B9FCBF621874FFE00DE487A /* Debug */,
				2B9FCBF721874FFE00DE487A /* Release */,
			);
			defaultConfigurationIsVisible = 0;
			defaultConfigurationName = Release;
		};
		2B9FCBF821874FFE00DE487A /* Build configuration list for PBXNativeTarget "TJNetWorkClientUITests" */ = {
			isa = XCConfigurationList;
			buildConfigurations = (
				2B9FCBF921874FFE00DE487A /* Debug */,
				2B9FCBFA21874FFE00DE487A /* Release */,
			);
			defaultConfigurationIsVisible = 0;
			defaultConfigurationName = Release;
		};
/* End XCConfigurationList section */
	};
	rootObject = 2B9FCBBE21874FFD00DE487A /* Project object */;
}
